{
    "_readme": [
        "This file locks the dependencies of your project to a known state",
        "Read more about it at https://getcomposer.org/doc/01-basic-usage.md#installing-dependencies",
        "This file is @generated automatically"
    ],
    "content-hash": "16779eabac901736232fef795928c2ae",
    "packages": [
        {
            "name": "kigkonsult/icalcreator",
            "version": "v2.41.90",
            "source": {
                "type": "git",
                "url": "https://github.com/iCalcreator/iCalcreator.git",
                "reference": "c62c46f5f5a10afeb1c5b93ae973fb4332d4c0ea"
            },
            "dist": {
                "type": "zip",
                "url": "https://api.github.com/repos/iCalcreator/iCalcreator/zipball/c62c46f5f5a10afeb1c5b93ae973fb4332d4c0ea",
                "reference": "c62c46f5f5a10afeb1c5b93ae973fb4332d4c0ea",
                "shasum": ""
            },
            "require": {
                "ext-intl": "*",
                "ext-mbstring": "*",
                "ext-openssl": "*",
                "ext-simplexml": "*",
                "ext-zlib": "*",
                "php": ">=8.0"
            },
            "require-dev": {
                "degraciamathieu/php-arguments-detector": ">=0.5.0",
                "ext-xdebug": "*",
                "phpcompatibility/php-compatibility": ">=9.3.5",
                "phpmd/phpmd": ">=2.13.0",
                "phpstan/phpstan": ">=0.9.3",
                "phpunit/phpunit": ">=6.5.13",
                "squizlabs/php_codesniffer": ">=3.5.5",
                "vimeo/psalm": "*"
            },
            "type": "library",
            "autoload": {
                "files": [
                    "autoload.php"
                ],
                "psr-4": {
                    "Kigkonsult\\Icalcreator\\": [
                        "src/"
                    ]
                },
                "classmap": [
                    "src/"
                ]
            },
            "notification-url": "https://packagist.org/downloads/",
            "license": [
                "LGPL-3.0-or-later"
            ],
            "authors": [
                {
                    "name": "Kjell-Inge Gustafsson",
                    "email": "ical@kigkonsult.se"
                }
            ],
            "description": "iCalcreator is the PHP implementation of rfc2445/rfc5545 and rfc updates, management of calendar information",
            "keywords": [
                "alarm",
                "availability",
                "calendar",
                "daylight",
                "event",
                "ical",
                "json",
                "location",
                "management",
                "participant",
                "resource",
                "rfc2445",
                "rfc5545",
                "rfc5870",
                "rfc6321",
                "rfc6868",
                "rfc7529",
                "rfc7808",
                "rfc7953",
                "rfc7986",
                "rfc9073",
                "rfc9074",
                "standard",
                "todo",
                "vCalendar",
                "valarm",
                "vevent",
                "vfreebusy",
                "vjournal",
                "vtimezone",
                "vtodo",
                "xml"
            ],
            "support": {
                "issues": "https://github.com/iCalcreator/iCalcreator/issues",
                "source": "https://github.com/iCalcreator/iCalcreator/tree/v2.41.90"
            },
            "funding": [
                {
                    "url": "https://paypal.me/kigkonsult",
                    "type": "other"
                },
                {
                    "url": "https://www.buymeacoffee.com/kigkonsult",
                    "type": "other"
                }
            ],
            "time": "2024-01-22T10:28:44+00:00"
        },
        {
            "name": "magicoli/opensim-helpers",
            "version": "v2.3.4",
            "source": {
                "type": "git",
                "url": "https://github.com/magicoli/opensim-helpers.git",
                "reference": "a0cab01c774058ea3ad05342d916843f0e548f8c"
            },
            "dist": {
                "type": "zip",
                "url": "https://api.github.com/repos/magicoli/opensim-helpers/zipball/a0cab01c774058ea3ad05342d916843f0e548f8c",
                "reference": "a0cab01c774058ea3ad05342d916843f0e548f8c",
                "shasum": ""
            },
            "require-dev": {
                "magicoli/php-bump-library": "^1.0"
            },
            "type": "library",
            "notification-url": "https://packagist.org/downloads/",
            "license": [
                "AGPL-3.0-or-later"
            ],
            "authors": [
                {
                    "name": "Gudule Lapointe",
                    "email": "gudule@speculoos.world"
                }
            ],
            "description": "Helpers needed to enable common functionalties like search, currency, events in OpenSimulator grids.",
            "support": {
                "issues": "https://github.com/magicoli/opensim-helpers/issues",
                "source": "https://github.com/magicoli/opensim-helpers/tree/v2.3.4"
            },
            "time": "2023-08-04T22:18:32+00:00"
        }
    ],
    "packages-dev": [],
    "aliases": [],
    "minimum-stability": "stable",
    "stability-flags": [],
    "prefer-stable": false,
    "prefer-lowest": false,
    "platform": [],
    "platform-dev": [],
    "plugin-api-version": "2.3.0"
}
